
Microsoft Visual Studio Solution File, Format Version 12.00
# Visual Studio Version 17
VisualStudioVersion = 17.9.34607.119
MinimumVisualStudioVersion = 10.0.40219.1
Project("{FAE04EC0-301F-11D3-BF4B-00C04F79EFBC}") = "Dealership", "Dealership\Dealership.csproj", "{F4E68B73-C3DF-454B-8059-E3741BB22B24}"
EndProject
Global
	GlobalSection(SolutionConfigurationPlatforms) = preSolution
		Debug|Any CPU = Debug|Any CPU
		Release|Any CPU = Release|Any CPU
	EndGlobalSection
	GlobalSection(ProjectConfigurationPlatforms) = postSolution
		{F4E68B73-C3DF-454B-8059-E3741BB22B24}.Debug|Any CPU.ActiveCfg = Debug|Any CPU
		{F4E68B73-C3DF-454B-8059-E3741BB22B24}.Debug|Any CPU.Build.0 = Debug|Any CPU
		{F4E68B73-C3DF-454B-8059-E3741BB22B24}.Release|Any CPU.ActiveCfg = Release|Any CPU
		{F4E68B73-C3DF-454B-8059-E3741BB22B24}.Release|Any CPU.Build.0 = Release|Any CPU
	EndGlobalSection
	GlobalSection(SolutionProperties) = preSolution
		HideSolutionNode = FALSE
	EndGlobalSection
	GlobalSection(ExtensibilityGlobals) = postSolution
		SolutionGuid = {18C5A84C-8DB8-4BD8-BE04-E932CF1AFC9A}
	EndGlobalSection
EndGlobal
